
Microsoft Visual Studio Solution File, Format Version 12.00
# Visual Studio Version 17
VisualStudioVersion = 17.2.32526.322
MinimumVisualStudioVersion = 10.0.40219.1
Project("{FAE04EC0-301F-11D3-BF4B-00C04F79EFBC}") = "DogGo", "DogGo\DogGo.csproj", "{7DD1991A-0391-4A9A-9F62-CB6D3D21A79A}"
EndProject
Global
	GlobalSection(SolutionConfigurationPlatforms) = preSolution
		Debug|Any CPU = Debug|Any CPU
		Release|Any CPU = Release|Any CPU
	EndGlobalSection
	GlobalSection(ProjectConfigurationPlatforms) = postSolution
		{7DD1991A-0391-4A9A-9F62-CB6D3D21A79A}.Debug|Any CPU.ActiveCfg = Debug|Any CPU
		{7DD1991A-0391-4A9A-9F62-CB6D3D21A79A}.Debug|Any CPU.Build.0 = Debug|Any CPU
		{7DD1991A-0391-4A9A-9F62-CB6D3D21A79A}.Release|Any CPU.ActiveCfg = Release|Any CPU
		{7DD1991A-0391-4A9A-9F62-CB6D3D21A79A}.Release|Any CPU.Build.0 = Release|Any CPU
	EndGlobalSection
	GlobalSection(SolutionProperties) = preSolution
		HideSolutionNode = FALSE
	EndGlobalSection
	GlobalSection(ExtensibilityGlobals) = postSolution
		SolutionGuid = {7AAAB1AB-96C5-4582-A0BF-8DAA7EA14635}
	EndGlobalSection
EndGlobal
